
Microsoft Visual Studio Solution File, Format Version 12.00
# Visual Studio Version 16
VisualStudioVersion = 16.0.33130.400
MinimumVisualStudioVersion = 10.0.40219.1
Project("{FAE04EC0-301F-11D3-BF4B-00C04F79EFBC}") = "ExampleMyHrefFunction", "ExampleMyHrefFunction.csproj", "{433167E6-A0E1-46C1-B9F8-E229D2870F66}"
EndProject
Global
	GlobalSection(SolutionConfigurationPlatforms) = preSolution
		Debug|Any CPU = Debug|Any CPU
		Release|Any CPU = Release|Any CPU
	EndGlobalSection
	GlobalSection(ProjectConfigurationPlatforms) = postSolution
		{433167E6-A0E1-46C1-B9F8-E229D2870F66}.Debug|Any CPU.ActiveCfg = Debug|Any CPU
		{433167E6-A0E1-46C1-B9F8-E229D2870F66}.Debug|Any CPU.Build.0 = Debug|Any CPU
		{433167E6-A0E1-46C1-B9F8-E229D2870F66}.Release|Any CPU.ActiveCfg = Release|Any CPU
		{433167E6-A0E1-46C1-B9F8-E229D2870F66}.Release|Any CPU.Build.0 = Release|Any CPU
	EndGlobalSection
	GlobalSection(SolutionProperties) = preSolution
		HideSolutionNode = FALSE
	EndGlobalSection
	GlobalSection(ExtensibilityGlobals) = postSolution
		SolutionGuid = {5F57BD8F-947E-4A41-9A58-8B63F670EF29}
	EndGlobalSection
EndGlobal
